
Microsoft Visual Studio Solution File, Format Version 12.00
# Visual Studio 15
VisualStudioVersion = 15.0.27004.2002
MinimumVisualStudioVersion = 10.0.40219.1
Project("{FAE04EC0-301F-11D3-BF4B-00C04F79EFBC}") = "AbstractExample", "AbstractExample\AbstractExample.csproj", "{1AD77D18-09D0-4A9F-8405-F586EA9F91DD}"
EndProject
Global
	GlobalSection(SolutionConfigurationPlatforms) = preSolution
		Debug|Any CPU = Debug|Any CPU
		Release|Any CPU = Release|Any CPU
	EndGlobalSection
	GlobalSection(ProjectConfigurationPlatforms) = postSolution
		{1AD77D18-09D0-4A9F-8405-F586EA9F91DD}.Debug|Any CPU.ActiveCfg = Debug|Any CPU
		{1AD77D18-09D0-4A9F-8405-F586EA9F91DD}.Debug|Any CPU.Build.0 = Debug|Any CPU
		{1AD77D18-09D0-4A9F-8405-F586EA9F91DD}.Release|Any CPU.ActiveCfg = Release|Any CPU
		{1AD77D18-09D0-4A9F-8405-F586EA9F91DD}.Release|Any CPU.Build.0 = Release|Any CPU
	EndGlobalSection
	GlobalSection(SolutionProperties) = preSolution
		HideSolutionNode = FALSE
	EndGlobalSection
	GlobalSection(ExtensibilityGlobals) = postSolution
		SolutionGuid = {A66E98B8-FA21-4D00-8455-C21069C61323}
	EndGlobalSection
EndGlobal
